{
  "name": "welib",
  "version": "1.5.2",
  "lockfileVersion": 1,
  "requires": true,
  "dependencies": {
    "miniprogram-api-typings": {
      "version": "2.4.2",
      "resolved": "https://registry.npmjs.org/miniprogram-api-typings/-/miniprogram-api-typings-2.4.2.tgz",
      "integrity": "sha512-mYHQeAlbmk9UVto8gVhwJLQppZyHqXc6mmbNtV3vCpxPRnyUzP2xSGEeT5UTrGQ2rxquloaUQ7tgnc3lySbNJQ==",
      "dev": true
    },
    "wafer2-client-sdk": {
      "version": "git+https://github.com/dengnianchen/wafer2-client-sdk.git#70c6933bb0d4c3bdeb934488bbd80b5ba3c92629",
      "from": "git+https://github.com/dengnianchen/wafer2-client-sdk.git"
    }
  }
}
